{
  "name": "createstory-watermark-runtime",
  "lockfileVersion": 3,
  "requires": true,
  "packages": {
    "": {
      "name": "createstory-watermark-runtime",
      "dependencies": {
        "@pilio/gemini-watermark-remover": "1.0.30"
      }
    },
    "node_modules/@pilio/gemini-watermark-remover": {
      "version": "1.0.30",
      "resolved": "https://registry.npmjs.org/@pilio/gemini-watermark-remover/-/gemini-watermark-remover-1.0.30.tgz",
      "integrity": "sha512-w4NTPmxJsIF7DZ2dss5CBFLVQjqJL6Klh4obi/Y8ywQv7TX0lYui9XZyPhFY9w6DLDk45+MKgYo91HDSSQVRsw==",
      "license": "MIT",
      "dependencies": {
        "mediabunny": "^1.46.0"
      },
      "bin": {
        "gwr": "bin/gwr.mjs"
      },
      "peerDependencies": {
        "sharp": "^0.34.5"
      },
      "peerDependenciesMeta": {
        "sharp": {
          "optional": true
        }
      }
    },
    "node_modules/@types/dom-mediacapture-transform": {
      "version": "0.1.12",
      "resolved": "https://registry.npmjs.org/@types/dom-mediacapture-transform/-/dom-mediacapture-transform-0.1.12.tgz",
      "integrity": "sha512-d7/QsLRwF864A5mgIM/YrfiglHoYn7zgCcAoJgW404r+2DwnNr7EBbLnCWpmOMgH8y0te73L1AV6H1bmauaWFw==",
      "license": "MIT",
      "dependencies": {
        "@types/dom-webcodecs": "*"
      }
    },
    "node_modules/@types/dom-webcodecs": {
      "version": "0.1.13",
      "resolved": "https://registry.npmjs.org/@types/dom-webcodecs/-/dom-webcodecs-0.1.13.tgz",
      "integrity": "sha512-O5hkiFIcjjszPIYyUSyvScyvrBoV3NOEEZx/pMlsu44TKzWNkLVBBxnxJz42in5n3QIolYOcBYFCPZZ0h8SkwQ==",
      "license": "MIT"
    },
    "node_modules/mediabunny": {
      "version": "1.50.9",
      "resolved": "https://registry.npmjs.org/mediabunny/-/mediabunny-1.50.9.tgz",
      "integrity": "sha512-dkv2xPuW7WxmiZrhV4yDzgqhdQcHdQ9g5xRyVIDNoxe8Bo+jnK71bdKMYj12LzJf5YV9hcsufBG9R41TFKfg9g==",
      "license": "MPL-2.0",
      "workspaces": [
        ".",
        "packages/*"
      ],
      "dependencies": {
        "@types/dom-mediacapture-transform": "^0.1.11",
        "@types/dom-webcodecs": "0.1.13"
      },
      "funding": {
        "type": "individual",
        "url": "https://github.com/sponsors/Vanilagy"
      }
    }
  }
}
